
Microsoft Visual Studio Solution File, Format Version 12.00
# Visual Studio Version 17
VisualStudioVersion = 17.5.33424.131
MinimumVisualStudioVersion = 10.0.40219.1
Project("{8BC9CEB8-8B4A-11D0-8D11-00A0C91BC942}") = "AlgebraLinerareGruppoCocoLipizziTufanari", "AlgebraLinerareGruppoCocoLipizziTufanari\AlgebraLinerareGruppoCocoLipizziTufanari.vcxproj", "{D6774D6A-01C8-4DF2-8A09-AD9FAD2A7BEE}"
EndProject
Project("{8BC9CEB8-8B4A-11D0-8D11-00A0C91BC942}") = "Graphics", "Graphics\Graphics.vcxproj", "{5EA5B7AF-69CB-4293-A1E6-EE8814DB78F6}"
EndProject
Global
	GlobalSection(SolutionConfigurationPlatforms) = preSolution
		Debug|x64 = Debug|x64
		Debug|x86 = Debug|x86
		Release|x64 = Release|x64
		Release|x86 = Release|x86
	EndGlobalSection
	GlobalSection(ProjectConfigurationPlatforms) = postSolution
		{D6774D6A-01C8-4DF2-8A09-AD9FAD2A7BEE}.Debug|x64.ActiveCfg = Debug|x64
		{D6774D6A-01C8-4DF2-8A09-AD9FAD2A7BEE}.Debug|x64.Build.0 = Debug|x64
		{D6774D6A-01C8-4DF2-8A09-AD9FAD2A7BEE}.Debug|x86.ActiveCfg = Debug|Win32
		{D6774D6A-01C8-4DF2-8A09-AD9FAD2A7BEE}.Debug|x86.Build.0 = Debug|Win32
		{D6774D6A-01C8-4DF2-8A09-AD9FAD2A7BEE}.Release|x64.ActiveCfg = Release|x64
		{D6774D6A-01C8-4DF2-8A09-AD9FAD2A7BEE}.Release|x64.Build.0 = Release|x64
		{D6774D6A-01C8-4DF2-8A09-AD9FAD2A7BEE}.Release|x86.ActiveCfg = Release|Win32
		{D6774D6A-01C8-4DF2-8A09-AD9FAD2A7BEE}.Release|x86.Build.0 = Release|Win32
		{5EA5B7AF-69CB-4293-A1E6-EE8814DB78F6}.Debug|x64.ActiveCfg = Debug|x64
		{5EA5B7AF-69CB-4293-A1E6-EE8814DB78F6}.Debug|x64.Build.0 = Debug|x64
		{5EA5B7AF-69CB-4293-A1E6-EE8814DB78F6}.Debug|x86.ActiveCfg = Debug|Win32
		{5EA5B7AF-69CB-4293-A1E6-EE8814DB78F6}.Debug|x86.Build.0 = Debug|Win32
		{5EA5B7AF-69CB-4293-A1E6-EE8814DB78F6}.Release|x64.ActiveCfg = Release|x64
		{5EA5B7AF-69CB-4293-A1E6-EE8814DB78F6}.Release|x64.Build.0 = Release|x64
		{5EA5B7AF-69CB-4293-A1E6-EE8814DB78F6}.Release|x86.ActiveCfg = Release|Win32
		{5EA5B7AF-69CB-4293-A1E6-EE8814DB78F6}.Release|x86.Build.0 = Release|Win32
	EndGlobalSection
	GlobalSection(SolutionProperties) = preSolution
		HideSolutionNode = FALSE
	EndGlobalSection
	GlobalSection(ExtensibilityGlobals) = postSolution
		SolutionGuid = {2E613777-B1FD-4391-B6F5-221DAAFC7A5D}
	EndGlobalSection
EndGlobal
